
Microsoft Visual Studio Solution File, Format Version 12.00
# Visual Studio Version 17
VisualStudioVersion = 17.9.34701.34
MinimumVisualStudioVersion = 10.0.40219.1
Project("{FAE04EC0-301F-11D3-BF4B-00C04F79EFBC}") = "GYM-CLIENT", "GYM-CLIENT.csproj", "{8804425C-8C80-4E0E-8B61-08D595ABC30B}"
EndProject
Global
	GlobalSection(SolutionConfigurationPlatforms) = preSolution
		Debug|Any CPU = Debug|Any CPU
		Release|Any CPU = Release|Any CPU
	EndGlobalSection
	GlobalSection(ProjectConfigurationPlatforms) = postSolution
		{8804425C-8C80-4E0E-8B61-08D595ABC30B}.Debug|Any CPU.ActiveCfg = Debug|Any CPU
		{8804425C-8C80-4E0E-8B61-08D595ABC30B}.Debug|Any CPU.Build.0 = Debug|Any CPU
		{8804425C-8C80-4E0E-8B61-08D595ABC30B}.Release|Any CPU.ActiveCfg = Release|Any CPU
		{8804425C-8C80-4E0E-8B61-08D595ABC30B}.Release|Any CPU.Build.0 = Release|Any CPU
	EndGlobalSection
	GlobalSection(SolutionProperties) = preSolution
		HideSolutionNode = FALSE
	EndGlobalSection
	GlobalSection(ExtensibilityGlobals) = postSolution
		SolutionGuid = {FAEB9DF1-7FD9-4237-845A-DF40C068500D}
	EndGlobalSection
EndGlobal
